// !$*UTF8*$!
{
	archiveVersion = 1;
	classes = {
	};
	objectVersion = 52;
	objects = {

/* Begin PBXBuildFile section */
		18D775C122AD944300AE281E /* AppDelegate.swift in Sources */ = {isa = PBXBuildFile; fileRef = 18D775C022AD944300AE281E /* AppDelegate.swift */; };
		18D775C322AD944300AE281E /* SceneDelegate.swift in Sources */ = {isa = PBXBuildFile; fileRef = 18D775C222AD944300AE281E /* SceneDelegate.swift */; };
		18D775C522AD944300AE281E /* PlacesListView.swift in Sources */ = {isa = PBXBuildFile; fileRef = 18D775C422AD944300AE281E /* PlacesListView.swift */; };
		18D775C722AD944400AE281E /* Assets.xcassets in Resources */ = {isa = PBXBuildFile; fileRef = 18D775C622AD944400AE281E /* Assets.xcassets */; };
		18D775CA22AD944400AE281E /* Preview Assets.xcassets in Resources */ = {isa = PBXBuildFile; fileRef = 18D775C922AD944400AE281E /* Preview Assets.xcassets */; };
		18D775D822AD963800AE281E /* LaunchScreen.storyboard in Resources */ = {isa = PBXBuildFile; fileRef = 18D775DA22AD963800AE281E /* LaunchScreen.storyboard */; };
		3055671324CEB56C000F621C /* CoreDataStack.swift in Sources */ = {isa = PBXBuildFile; fileRef = 3055671224CEB56C000F621C /* CoreDataStack.swift */; };
		3055671824CEB849000F621C /* PlaceTag.xcdatamodeld in Sources */ = {isa = PBXBuildFile; fileRef = 3055671624CEB849000F621C /* PlaceTag.xcdatamodeld */; };
		307E943724CED7B2007903FC /* ActionButtonBackgroundStyle.swift in Sources */ = {isa = PBXBuildFile; fileRef = 307E943624CED7B2007903FC /* ActionButtonBackgroundStyle.swift */; };
		307E943924CED8A3007903FC /* AddPlaceView.swift in Sources */ = {isa = PBXBuildFile; fileRef = 307E943824CED8A3007903FC /* AddPlaceView.swift */; };
		307E943D24CEDC04007903FC /* ImagePicker.swift in Sources */ = {isa = PBXBuildFile; fileRef = 307E943C24CEDC03007903FC /* ImagePicker.swift */; };
		307E943F24CEEF0A007903FC /* Place+Extension.swift in Sources */ = {isa = PBXBuildFile; fileRef = 307E943E24CEEF0A007903FC /* Place+Extension.swift */; };
		307E944124CEF13A007903FC /* NSManagedObjectContext+Extension.swift in Sources */ = {isa = PBXBuildFile; fileRef = 307E944024CEF13A007903FC /* NSManagedObjectContext+Extension.swift */; };
		307E944324CEF763007903FC /* PlaceItemView.swift in Sources */ = {isa = PBXBuildFile; fileRef = 307E944224CEF763007903FC /* PlaceItemView.swift */; };
		307E944524CEFD0F007903FC /* PlaceDetailView.swift in Sources */ = {isa = PBXBuildFile; fileRef = 307E944424CEFD0F007903FC /* PlaceDetailView.swift */; };
		307E944724CF002A007903FC /* Data+Extension.swift in Sources */ = {isa = PBXBuildFile; fileRef = 307E944624CF002A007903FC /* Data+Extension.swift */; };
		307E944A24CF2808007903FC /* CloudKit.framework in Frameworks */ = {isa = PBXBuildFile; fileRef = 307E944924CF2808007903FC /* CloudKit.framework */; };
/* End PBXBuildFile section */

/* Begin PBXFileReference section */
		0FD3C5CF281A5D18000A3D8D /* PlaceTag 2.xcdatamodel */ = {isa = PBXFileReference; lastKnownFileType = wrapper.xcdatamodel; path = "PlaceTag 2.xcdatamodel"; sourceTree = "<group>"; };
		18D775BD22AD944300AE281E /* PlaceTag.app */ = {isa = PBXFileReference; explicitFileType = wrapper.application; includeInIndex = 0; path = PlaceTag.app; sourceTree = BUILT_PRODUCTS_DIR; };
		18D775C022AD944300AE281E /* AppDelegate.swift */ = {isa = PBXFileReference; lastKnownFileType = sourcecode.swift; path = AppDelegate.swift; sourceTree = "<group>"; };
		18D775C222AD944300AE281E /* SceneDelegate.swift */ = {isa = PBXFileReference; lastKnownFileType = sourcecode.swift; path = SceneDelegate.swift; sourceTree = "<group>"; };
		18D775C422AD944300AE281E /* PlacesListView.swift */ = {isa = PBXFileReference; lastKnownFileType = sourcecode.swift; path = PlacesListView.swift; sourceTree = "<group>"; };
		18D775C622AD944400AE281E /* Assets.xcassets */ = {isa = PBXFileReference; lastKnownFileType = folder.assetcatalog; path = Assets.xcassets; sourceTree = "<group>"; };
		18D775C922AD944400AE281E /* Preview Assets.xcassets */ = {isa = PBXFileReference; lastKnownFileType = folder.assetcatalog; path = "Preview Assets.xcassets"; sourceTree = "<group>"; };
		18D775CE22AD944400AE281E /* Info.plist */ = {isa = PBXFileReference; lastKnownFileType = text.plist.xml; path = Info.plist; sourceTree = "<group>"; };
		18D775DE22AD96B400AE281E /* Base */ = {isa = PBXFileReference; lastKnownFileType = file.storyboard; name = Base; path = Base.lproj/LaunchScreen.storyboard; sourceTree = "<group>"; };
		3055671224CEB56C000F621C /* CoreDataStack.swift */ = {isa = PBXFileReference; lastKnownFileType = sourcecode.swift; path = CoreDataStack.swift; sourceTree = "<group>"; };
		3055671724CEB849000F621C /* PlaceTag.xcdatamodel */ = {isa = PBXFileReference; lastKnownFileType = wrapper.xcdatamodel; path = PlaceTag.xcdatamodel; sourceTree = "<group>"; };
		307E943624CED7B2007903FC /* ActionButtonBackgroundStyle.swift */ = {isa = PBXFileReference; lastKnownFileType = sourcecode.swift; path = ActionButtonBackgroundStyle.swift; sourceTree = "<group>"; };
		307E943824CED8A3007903FC /* AddPlaceView.swift */ = {isa = PBXFileReference; lastKnownFileType = sourcecode.swift; path = AddPlaceView.swift; sourceTree = "<group>"; };
		307E943C24CEDC03007903FC /* ImagePicker.swift */ = {isa = PBXFileReference; lastKnownFileType = sourcecode.swift; path = ImagePicker.swift; sourceTree = "<group>"; };
		307E943E24CEEF0A007903FC /* Place+Extension.swift */ = {isa = PBXFileReference; lastKnownFileType = sourcecode.swift; path = "Place+Extension.swift"; sourceTree = "<group>"; };
		307E944024CEF13A007903FC /* NSManagedObjectContext+Extension.swift */ = {isa = PBXFileReference; lastKnownFileType = sourcecode.swift; path = "NSManagedObjectContext+Extension.swift"; sourceTree = "<group>"; };
		307E944224CEF763007903FC /* PlaceItemView.swift */ = {isa = PBXFileReference; lastKnownFileType = sourcecode.swift; path = PlaceItemView.swift; sourceTree = "<group>"; };
		307E944424CEFD0F007903FC /* PlaceDetailView.swift */ = {isa = PBXFileReference; lastKnownFileType = sourcecode.swift; path = PlaceDetailView.swift; sourceTree = "<group>"; };
		307E944624CF002A007903FC /* Data+Extension.swift */ = {isa = PBXFileReference; lastKnownFileType = sourcecode.swift; path = "Data+Extension.swift"; sourceTree = "<group>"; };
		307E944924CF2808007903FC /* CloudKit.framework */ = {isa = PBXFileReference; lastKnownFileType = wrapper.framework; name = CloudKit.framework; path = System/Library/Frameworks/CloudKit.framework; sourceTree = SDKROOT; };
		30C9CEC824CDA5EA00C0F523 /* PlaceTag.entitlements */ = {isa = PBXFileReference; lastKnownFileType = text.plist.entitlements; path = PlaceTag.entitlements; sourceTree = "<group>"; };
/* End PBXFileReference section */

/* Begin PBXFrameworksBuildPhase section */
		18D775BA22AD944300AE281E /* Frameworks */ = {
			isa = PBXFrameworksBuildPhase;
			buildActionMask = 2147483647;
			files = (
				307E944A24CF2808007903FC /* CloudKit.framework in Frameworks */,
			);
			runOnlyForDeploymentPostprocessing = 0;
		};
/* End PBXFrameworksBuildPhase section */

/* Begin PBXGroup section */
		18D775B422AD944300AE281E = {
			isa = PBXGroup;
			children = (
				18D775BF22AD944300AE281E /* PlaceTag */,
				18D775BE22AD944300AE281E /* Products */,
				307E944824CF2808007903FC /* Frameworks */,
			);
			indentWidth = 2;
			sourceTree = "<group>";
			tabWidth = 2;
		};
		18D775BE22AD944300AE281E /* Products */ = {
			isa = PBXGroup;
			children = (
				18D775BD22AD944300AE281E /* PlaceTag.app */,
			);
			name = Products;
			sourceTree = "<group>";
		};
		18D775BF22AD944300AE281E /* PlaceTag */ = {
			isa = PBXGroup;
			children = (
				18D775C022AD944300AE281E /* AppDelegate.swift */,
				18D775C222AD944300AE281E /* SceneDelegate.swift */,
				3055671524CEB817000F621C /* Core Data */,
				18D775C822AD944400AE281E /* Preview Content */,
				3055671424CEB597000F621C /* Supporting Files */,
				307E943524CECC52007903FC /* Views */,
			);
			path = PlaceTag;
			sourceTree = "<group>";
		};
		18D775C822AD944400AE281E /* Preview Content */ = {
			isa = PBXGroup;
			children = (
				18D775C922AD944400AE281E /* Preview Assets.xcassets */,
			);
			path = "Preview Content";
			sourceTree = "<group>";
		};
		3055671424CEB597000F621C /* Supporting Files */ = {
			isa = PBXGroup;
			children = (
				30C9CEC824CDA5EA00C0F523 /* PlaceTag.entitlements */,
				18D775CE22AD944400AE281E /* Info.plist */,
				18D775C622AD944400AE281E /* Assets.xcassets */,
				18D775DA22AD963800AE281E /* LaunchScreen.storyboard */,
				307E944624CF002A007903FC /* Data+Extension.swift */,
			);
			path = "Supporting Files";
			sourceTree = "<group>";
		};
		3055671524CEB817000F621C /* Core Data */ = {
			isa = PBXGroup;
			children = (
				3055671224CEB56C000F621C /* CoreDataStack.swift */,
				3055671624CEB849000F621C /* PlaceTag.xcdatamodeld */,
				307E943E24CEEF0A007903FC /* Place+Extension.swift */,
				307E944024CEF13A007903FC /* NSManagedObjectContext+Extension.swift */,
			);
			path = "Core Data";
			sourceTree = "<group>";
		};
		307E943524CECC52007903FC /* Views */ = {
			isa = PBXGroup;
			children = (
				307E943B24CEDBF4007903FC /* Representables */,
				307E943624CED7B2007903FC /* ActionButtonBackgroundStyle.swift */,
				307E943824CED8A3007903FC /* AddPlaceView.swift */,
				18D775C422AD944300AE281E /* PlacesListView.swift */,
				307E944224CEF763007903FC /* PlaceItemView.swift */,
				307E944424CEFD0F007903FC /* PlaceDetailView.swift */,
			);
			path = Views;
			sourceTree = "<group>";
		};
		307E943B24CEDBF4007903FC /* Representables */ = {
			isa = PBXGroup;
			children = (
				307E943C24CEDC03007903FC /* ImagePicker.swift */,
			);
			path = Representables;
			sourceTree = "<group>";
		};
		307E944824CF2808007903FC /* Frameworks */ = {
			isa = PBXGroup;
			children = (
				307E944924CF2808007903FC /* CloudKit.framework */,
			);
			name = Frameworks;
			sourceTree = "<group>";
		};
/* End PBXGroup section */

/* Begin PBXNativeTarget section */
		18D775BC22AD944300AE281E /* PlaceTag */ = {
			isa = PBXNativeTarget;
			buildConfigurationList = 18D775D122AD944400AE281E /* Build configuration list for PBXNativeTarget "PlaceTag" */;
			buildPhases = (
				181FE31D248EA6C900A180EA /* SwiftLint */,
				18D775B922AD944300AE281E /* Sources */,
				18D775BA22AD944300AE281E /* Frameworks */,
				18D775BB22AD944300AE281E /* Resources */,
			);
			buildRules = (
			);
			dependencies = (
			);
			name = PlaceTag;
			productName = MyRWTutorial;
			productReference = 18D775BD22AD944300AE281E /* PlaceTag.app */;
			productType = "com.apple.product-type.application";
		};
/* End PBXNativeTarget section */

/* Begin PBXProject section */
		18D775B522AD944300AE281E /* Project object */ = {
			isa = PBXProject;
			attributes = {
				LastSwiftUpdateCheck = 1100;
				LastUpgradeCheck = 1200;
				ORGANIZATIONNAME = "Ray Wenderlich";
				TargetAttributes = {
					18D775BC22AD944300AE281E = {
						CreatedOnToolsVersion = 11.0;
					};
				};
			};
			buildConfigurationList = 18D775B822AD944300AE281E /* Build configuration list for PBXProject "PlaceTag" */;
			compatibilityVersion = "Xcode 11.0";
			developmentRegion = en;
			hasScannedForEncodings = 0;
			knownRegions = (
				en,
				Base,
			);
			mainGroup = 18D775B422AD944300AE281E;
			productRefGroup = 18D775BE22AD944300AE281E /* Products */;
			projectDirPath = "";
			projectRoot = "";
			targets = (
				18D775BC22AD944300AE281E /* PlaceTag */,
			);
		};
/* End PBXProject section */

/* Begin PBXResourcesBuildPhase section */
		18D775BB22AD944300AE281E /* Resources */ = {
			isa = PBXResourcesBuildPhase;
			buildActionMask = 2147483647;
			files = (
				18D775D822AD963800AE281E /* LaunchScreen.storyboard in Resources */,
				18D775CA22AD944400AE281E /* Preview Assets.xcassets in Resources */,
				18D775C722AD944400AE281E /* Assets.xcassets in Resources */,
			);
			runOnlyForDeploymentPostprocessing = 0;
		};
/* End PBXResourcesBuildPhase section */

/* Begin PBXShellScriptBuildPhase section */
		181FE31D248EA6C900A180EA /* SwiftLint */ = {
			isa = PBXShellScriptBuildPhase;
			buildActionMask = 2147483647;
			files = (
			);
			inputFileListPaths = (
			);
			inputPaths = (
			);
			name = SwiftLint;
			outputFileListPaths = (
			);
			outputPaths = (
			);
			runOnlyForDeploymentPostprocessing = 0;
			shellPath = /bin/sh;
			shellScript = "if [ -f ~/com.raywenderlich.swiftlint.yml ]; then\n  if which swiftlint >/dev/null; then\n    swiftlint --no-cache --config ~/com.raywenderlich.swiftlint.yml\n  fi\nfi\n";
		};
/* End PBXShellScriptBuildPhase section */

/* Begin PBXSourcesBuildPhase section */
		18D775B922AD944300AE281E /* Sources */ = {
			isa = PBXSourcesBuildPhase;
			buildActionMask = 2147483647;
			files = (
				307E944724CF002A007903FC /* Data+Extension.swift in Sources */,
				18D775C122AD944300AE281E /* AppDelegate.swift in Sources */,
				307E944124CEF13A007903FC /* NSManagedObjectContext+Extension.swift in Sources */,
				18D775C322AD944300AE281E /* SceneDelegate.swift in Sources */,
				307E943724CED7B2007903FC /* ActionButtonBackgroundStyle.swift in Sources */,
				307E943F24CEEF0A007903FC /* Place+Extension.swift in Sources */,
				307E944324CEF763007903FC /* PlaceItemView.swift in Sources */,
				307E943924CED8A3007903FC /* AddPlaceView.swift in Sources */,
				307E944524CEFD0F007903FC /* PlaceDetailView.swift in Sources */,
				3055671824CEB849000F621C /* PlaceTag.xcdatamodeld in Sources */,
				307E943D24CEDC04007903FC /* ImagePicker.swift in Sources */,
				18D775C522AD944300AE281E /* PlacesListView.swift in Sources */,
				3055671324CEB56C000F621C /* CoreDataStack.swift in Sources */,
			);
			runOnlyForDeploymentPostprocessing = 0;
		};
/* End PBXSourcesBuildPhase section */

/* Begin PBXVariantGroup section */
		18D775DA22AD963800AE281E /* LaunchScreen.storyboard */ = {
			isa = PBXVariantGroup;
			children = (
				18D775DE22AD96B400AE281E /* Base */,
			);
			name = LaunchScreen.storyboard;
			sourceTree = "<group>";
		};
/* End PBXVariantGroup section */

/* Begin XCBuildConfiguration section */
		18D775CF22AD944400AE281E /* Debug */ = {
			isa = XCBuildConfiguration;
			buildSettings = {
				ALWAYS_SEARCH_USER_PATHS = NO;
				CLANG_ANALYZER_NONNULL = YES;
				CLANG_ANALYZER_NUMBER_OBJECT_CONVERSION = YES_AGGRESSIVE;
				CLANG_CXX_LANGUAGE_STANDARD = "gnu++14";
				CLANG_CXX_LIBRARY = "libc++";
				CLANG_ENABLE_MODULES = YES;
				CLANG_ENABLE_OBJC_ARC = YES;
				CLANG_ENABLE_OBJC_WEAK = YES;
				CLANG_WARN_BLOCK_CAPTURE_AUTORELEASING = YES;
				CLANG_WARN_BOOL_CONVERSION = YES;
				CLANG_WARN_COMMA = YES;
				CLANG_WARN_CONSTANT_CONVERSION = YES;
				CLANG_WARN_DEPRECATED_OBJC_IMPLEMENTATIONS = YES;
				CLANG_WARN_DIRECT_OBJC_ISA_USAGE = YES_ERROR;
				CLANG_WARN_DOCUMENTATION_COMMENTS = YES;
				CLANG_WARN_EMPTY_BODY = YES;
				CLANG_WARN_ENUM_CONVERSION = YES;
				CLANG_WARN_INFINITE_RECURSION = YES;
				CLANG_WARN_INT_CONVERSION = YES;
				CLANG_WARN_NON_LITERAL_NULL_CONVERSION = YES;
				CLANG_WARN_OBJC_IMPLICIT_RETAIN_SELF = YES;
				CLANG_WARN_OBJC_LITERAL_CONVERSION = YES;
				CLANG_WARN_OBJC_ROOT_CLASS = YES_ERROR;
				CLANG_WARN_QUOTED_INCLUDE_IN_FRAMEWORK_HEADER = YES;
				CLANG_WARN_RANGE_LOOP_ANALYSIS = YES;
				CLANG_WARN_STRICT_PROTOTYPES = YES;
				CLANG_WARN_SUSPICIOUS_MOVE = YES;
				CLANG_WARN_UNGUARDED_AVAILABILITY = YES_AGGRESSIVE;
				CLANG_WARN_UNREACHABLE_CODE = YES;
				CLANG_WARN__DUPLICATE_METHOD_MATCH = YES;
				COPY_PHASE_STRIP = NO;
				DEBUG_INFORMATION_FORMAT = dwarf;
				ENABLE_STRICT_OBJC_MSGSEND = YES;
				ENABLE_TESTABILITY = YES;
				GCC_C_LANGUAGE_STANDARD = gnu11;
				GCC_DYNAMIC_NO_PIC = NO;
				GCC_NO_COMMON_BLOCKS = YES;
				GCC_OPTIMIZATION_LEVEL = 0;
				GCC_PREPROCESSOR_DEFINITIONS = (
					"DEBUG=1",
					"$(inherited)",
				);
				GCC_WARN_64_TO_32_BIT_CONVERSION = YES;
				GCC_WARN_ABOUT_RETURN_TYPE = YES_ERROR;
				GCC_WARN_UNDECLARED_SELECTOR = YES;
				GCC_WARN_UNINITIALIZED_AUTOS = YES_AGGRESSIVE;
				GCC_WARN_UNUSED_FUNCTION = YES;
				GCC_WARN_UNUSED_VARIABLE = YES;
				IPHONEOS_DEPLOYMENT_TARGET = 14.0;
				MTL_ENABLE_DEBUG_INFO = INCLUDE_SOURCE;
				MTL_FAST_MATH = YES;
				ONLY_ACTIVE_ARCH = YES;
				SDKROOT = iphoneos;
				SWIFT_ACTIVE_COMPILATION_CONDITIONS = DEBUG;
				SWIFT_OPTIMIZATION_LEVEL = "-Onone";
			};
			name = Debug;
		};
		18D775D022AD944400AE281E /* Release */ = {
			isa = XCBuildConfiguration;
			buildSettings = {
				ALWAYS_SEARCH_USER_PATHS = NO;
				CLANG_ANALYZER_NONNULL = YES;
				CLANG_ANALYZER_NUMBER_OBJECT_CONVERSION = YES_AGGRESSIVE;
				CLANG_CXX_LANGUAGE_STANDARD = "gnu++14";
				CLANG_CXX_LIBRARY = "libc++";
				CLANG_ENABLE_MODULES = YES;
				CLANG_ENABLE_OBJC_ARC = YES;
				CLANG_ENABLE_OBJC_WEAK = YES;
				CLANG_WARN_BLOCK_CAPTURE_AUTORELEASING = YES;
				CLANG_WARN_BOOL_CONVERSION = YES;
				CLANG_WARN_COMMA = YES;
				CLANG_WARN_CONSTANT_CONVERSION = YES;
				CLANG_WARN_DEPRECATED_OBJC_IMPLEMENTATIONS = YES;
				CLANG_WARN_DIRECT_OBJC_ISA_USAGE = YES_ERROR;
				CLANG_WARN_DOCUMENTATION_COMMENTS = YES;
				CLANG_WARN_EMPTY_BODY = YES;
				CLANG_WARN_ENUM_CONVERSION = YES;
				CLANG_WARN_INFINITE_RECURSION = YES;
				CLANG_WARN_INT_CONVERSION = YES;
				CLANG_WARN_NON_LITERAL_NULL_CONVERSION = YES;
				CLANG_WARN_OBJC_IMPLICIT_RETAIN_SELF = YES;
				CLANG_WARN_OBJC_LITERAL_CONVERSION = YES;
				CLANG_WARN_OBJC_ROOT_CLASS = YES_ERROR;
				CLANG_WARN_QUOTED_INCLUDE_IN_FRAMEWORK_HEADER = YES;
				CLANG_WARN_RANGE_LOOP_ANALYSIS = YES;
				CLANG_WARN_STRICT_PROTOTYPES = YES;
				CLANG_WARN_SUSPICIOUS_MOVE = YES;
				CLANG_WARN_UNGUARDED_AVAILABILITY = YES_AGGRESSIVE;
				CLANG_WARN_UNREACHABLE_CODE = YES;
				CLANG_WARN__DUPLICATE_METHOD_MATCH = YES;
				COPY_PHASE_STRIP = NO;
				DEBUG_INFORMATION_FORMAT = "dwarf-with-dsym";
				ENABLE_NS_ASSERTIONS = NO;
				ENABLE_STRICT_OBJC_MSGSEND = YES;
				GCC_C_LANGUAGE_STANDARD = gnu11;
				GCC_NO_COMMON_BLOCKS = YES;
				GCC_WARN_64_TO_32_BIT_CONVERSION = YES;
				GCC_WARN_ABOUT_RETURN_TYPE = YES_ERROR;
				GCC_WARN_UNDECLARED_SELECTOR = YES;
				GCC_WARN_UNINITIALIZED_AUTOS = YES_AGGRESSIVE;
				GCC_WARN_UNUSED_FUNCTION = YES;
				GCC_WARN_UNUSED_VARIABLE = YES;
				IPHONEOS_DEPLOYMENT_TARGET = 14.0;
				MTL_ENABLE_DEBUG_INFO = NO;
				MTL_FAST_MATH = YES;
				SDKROOT = iphoneos;
				SWIFT_COMPILATION_MODE = wholemodule;
				SWIFT_OPTIMIZATION_LEVEL = "-O";
				VALIDATE_PRODUCT = YES;
			};
			name = Release;
		};
		18D775D222AD944400AE281E /* Debug */ = {
			isa = XCBuildConfiguration;
			buildSettings = {
				ASSETCATALOG_COMPILER_APPICON_NAME = AppIcon;
				CODE_SIGN_ENTITLEMENTS = "PlaceTag/Supporting Files/PlaceTag.entitlements";
				CODE_SIGN_STYLE = Automatic;
				DEVELOPMENT_ASSET_PATHS = "PlaceTag/Preview\\ Content";
				DEVELOPMENT_TEAM = 88DAFJFCQA;
				ENABLE_PREVIEWS = YES;
				INFOPLIST_FILE = "PlaceTag/Supporting Files/Info.plist";
				LD_RUNPATH_SEARCH_PATHS = (
					"$(inherited)",
					"@executable_path/Frameworks",
				);
				PRODUCT_BUNDLE_IDENTIFIER = com.kirijaki.PlaceTag;
				PRODUCT_NAME = "$(TARGET_NAME)";
				SWIFT_VERSION = 5.0;
				TARGETED_DEVICE_FAMILY = "1,2";
			};
			name = Debug;
		};
		18D775D322AD944400AE281E /* Release */ = {
			isa = XCBuildConfiguration;
			buildSettings = {
				ASSETCATALOG_COMPILER_APPICON_NAME = AppIcon;
				CODE_SIGN_ENTITLEMENTS = "PlaceTag/Supporting Files/PlaceTag.entitlements";
				CODE_SIGN_STYLE = Automatic;
				DEVELOPMENT_ASSET_PATHS = "PlaceTag/Preview\\ Content";
				DEVELOPMENT_TEAM = 88DAFJFCQA;
				ENABLE_PREVIEWS = YES;
				INFOPLIST_FILE = "PlaceTag/Supporting Files/Info.plist";
				LD_RUNPATH_SEARCH_PATHS = (
					"$(inherited)",
					"@executable_path/Frameworks",
				);
				PRODUCT_BUNDLE_IDENTIFIER = com.kirijaki.PlaceTag;
				PRODUCT_NAME = "$(TARGET_NAME)";
				SWIFT_VERSION = 5.0;
				TARGETED_DEVICE_FAMILY = "1,2";
			};
			name = Release;
		};
/* End XCBuildConfiguration section */

/* Begin XCConfigurationList section */
		18D775B822AD944300AE281E /* Build configuration list for PBXProject "PlaceTag" */ = {
			isa = XCConfigurationList;
			buildConfigurations = (
				18D775CF22AD944400AE281E /* Debug */,
				18D775D022AD944400AE281E /* Release */,
			);
			defaultConfigurationIsVisible = 0;
			defaultConfigurationName = Release;
		};
		18D775D122AD944400AE281E /* Build configuration list for PBXNativeTarget "PlaceTag" */ = {
			isa = XCConfigurationList;
			buildConfigurations = (
				18D775D222AD944400AE281E /* Debug */,
				18D775D322AD944400AE281E /* Release */,
			);
			defaultConfigurationIsVisible = 0;
			defaultConfigurationName = Release;
		};
/* End XCConfigurationList section */

/* Begin XCVersionGroup section */
		3055671624CEB849000F621C /* PlaceTag.xcdatamodeld */ = {
			isa = XCVersionGroup;
			children = (
				0FD3C5CF281A5D18000A3D8D /* PlaceTag 2.xcdatamodel */,
				3055671724CEB849000F621C /* PlaceTag.xcdatamodel */,
			);
			currentVersion = 0FD3C5CF281A5D18000A3D8D /* PlaceTag 2.xcdatamodel */;
			path = PlaceTag.xcdatamodeld;
			sourceTree = "<group>";
			versionGroupType = wrapper.xcdatamodel;
		};
/* End XCVersionGroup section */
	};
	rootObject = 18D775B522AD944300AE281E /* Project object */;
}
